
Microsoft Visual Studio Solution File, Format Version 12.00
# Visual Studio Version 17
VisualStudioVersion = 17.3.32922.545
MinimumVisualStudioVersion = 10.0.40219.1
Project("{FAE04EC0-301F-11D3-BF4B-00C04F79EFBC}") = "MGQSSimpleEmployeeAppFile", "MGQSSimpleEmployeeAppFile.csproj", "{42E7C8EA-45BA-4DEA-80D4-B1BDA83DFFB6}"
EndProject
Global
	GlobalSection(SolutionConfigurationPlatforms) = preSolution
		Debug|Any CPU = Debug|Any CPU
		Release|Any CPU = Release|Any CPU
	EndGlobalSection
	GlobalSection(ProjectConfigurationPlatforms) = postSolution
		{42E7C8EA-45BA-4DEA-80D4-B1BDA83DFFB6}.Debug|Any CPU.ActiveCfg = Debug|Any CPU
		{42E7C8EA-45BA-4DEA-80D4-B1BDA83DFFB6}.Debug|Any CPU.Build.0 = Debug|Any CPU
		{42E7C8EA-45BA-4DEA-80D4-B1BDA83DFFB6}.Release|Any CPU.ActiveCfg = Release|Any CPU
		{42E7C8EA-45BA-4DEA-80D4-B1BDA83DFFB6}.Release|Any CPU.Build.0 = Release|Any CPU
	EndGlobalSection
	GlobalSection(SolutionProperties) = preSolution
		HideSolutionNode = FALSE
	EndGlobalSection
	GlobalSection(ExtensibilityGlobals) = postSolution
		SolutionGuid = {7139126D-B3ED-49A7-AE3B-EC53A9301172}
	EndGlobalSection
EndGlobal
